
Microsoft Visual Studio Solution File, Format Version 12.00
# Visual Studio 15
VisualStudioVersion = 15.0.27130.2010
MinimumVisualStudioVersion = 10.0.40219.1
Project("{FAE04EC0-301F-11D3-BF4B-00C04F79EFBC}") = "lab1pollindrom", "lab1pollindrom\lab1pollindrom.csproj", "{18EDB9DD-1AE1-488F-B6FF-BED9DE3DCB46}"
EndProject
Global
	GlobalSection(SolutionConfigurationPlatforms) = preSolution
		Debug|Any CPU = Debug|Any CPU
		Release|Any CPU = Release|Any CPU
	EndGlobalSection
	GlobalSection(ProjectConfigurationPlatforms) = postSolution
		{18EDB9DD-1AE1-488F-B6FF-BED9DE3DCB46}.Debug|Any CPU.ActiveCfg = Debug|Any CPU
		{18EDB9DD-1AE1-488F-B6FF-BED9DE3DCB46}.Debug|Any CPU.Build.0 = Debug|Any CPU
		{18EDB9DD-1AE1-488F-B6FF-BED9DE3DCB46}.Release|Any CPU.ActiveCfg = Release|Any CPU
		{18EDB9DD-1AE1-488F-B6FF-BED9DE3DCB46}.Release|Any CPU.Build.0 = Release|Any CPU
	EndGlobalSection
	GlobalSection(SolutionProperties) = preSolution
		HideSolutionNode = FALSE
	EndGlobalSection
	GlobalSection(ExtensibilityGlobals) = postSolution
		SolutionGuid = {98B1CECE-97E7-44BA-836F-43307EB7A7B0}
	EndGlobalSection
EndGlobal
